
Microsoft Visual Studio Solution File, Format Version 12.00
# Visual Studio Version 17
VisualStudioVersion = 17.0.31903.59
MinimumVisualStudioVersion = 10.0.40219.1
Project("{9A19103F-16F7-4668-BE54-9A1E7A4F7556}") = "Common", "src\Common\Common.csproj", "{0FC490DB-EF89-4FFF-83FD-0F634CF1EAE9}"
EndProject
Project("{9A19103F-16F7-4668-BE54-9A1E7A4F7556}") = "Tests", "Tests\Tests.csproj", "{48F1531A-10CE-41AC-A7D3-863D348681E7}"
EndProject
Project("{FAE04EC0-301F-11D3-BF4B-00C04F79EFBC}") = "CodeWars", "src\CodeWars\CodeWars.csproj", "{E29DE956-1DF2-40E9-9F71-CB8DABB1BF41}"
EndProject
Global
	GlobalSection(SolutionConfigurationPlatforms) = preSolution
		Debug|Any CPU = Debug|Any CPU
		Release|Any CPU = Release|Any CPU
	EndGlobalSection
	GlobalSection(ProjectConfigurationPlatforms) = postSolution
		{0FC490DB-EF89-4FFF-83FD-0F634CF1EAE9}.Debug|Any CPU.ActiveCfg = Debug|Any CPU
		{0FC490DB-EF89-4FFF-83FD-0F634CF1EAE9}.Debug|Any CPU.Build.0 = Debug|Any CPU
		{0FC490DB-EF89-4FFF-83FD-0F634CF1EAE9}.Release|Any CPU.ActiveCfg = Release|Any CPU
		{0FC490DB-EF89-4FFF-83FD-0F634CF1EAE9}.Release|Any CPU.Build.0 = Release|Any CPU
		{48F1531A-10CE-41AC-A7D3-863D348681E7}.Debug|Any CPU.ActiveCfg = Debug|Any CPU
		{48F1531A-10CE-41AC-A7D3-863D348681E7}.Debug|Any CPU.Build.0 = Debug|Any CPU
		{48F1531A-10CE-41AC-A7D3-863D348681E7}.Release|Any CPU.ActiveCfg = Release|Any CPU
		{48F1531A-10CE-41AC-A7D3-863D348681E7}.Release|Any CPU.Build.0 = Release|Any CPU
		{E29DE956-1DF2-40E9-9F71-CB8DABB1BF41}.Debug|Any CPU.ActiveCfg = Debug|Any CPU
		{E29DE956-1DF2-40E9-9F71-CB8DABB1BF41}.Debug|Any CPU.Build.0 = Debug|Any CPU
		{E29DE956-1DF2-40E9-9F71-CB8DABB1BF41}.Release|Any CPU.ActiveCfg = Release|Any CPU
		{E29DE956-1DF2-40E9-9F71-CB8DABB1BF41}.Release|Any CPU.Build.0 = Release|Any CPU
	EndGlobalSection
	GlobalSection(SolutionProperties) = preSolution
		HideSolutionNode = FALSE
	EndGlobalSection
	GlobalSection(NestedProjects) = preSolution
		{0FC490DB-EF89-4FFF-83FD-0F634CF1EAE9} = {E24572CB-1BCE-4A96-8C5C-6F38E7D2A60D}
		{E29DE956-1DF2-40E9-9F71-CB8DABB1BF41} = {E24572CB-1BCE-4A96-8C5C-6F38E7D2A60D}
	EndGlobalSection
	GlobalSection(ExtensibilityGlobals) = postSolution
		SolutionGuid = {D5718A64-6BD5-44CF-B64A-2F79BC0C3918}
	EndGlobalSection
EndGlobal
